
Microsoft Visual Studio Solution File, Format Version 12.00
# Visual Studio Version 17
VisualStudioVersion = 17.14.36414.22
MinimumVisualStudioVersion = 10.0.40219.1
Project("{2150E333-8FDC-42A3-9474-1A3956D46DE8}") = "Task0", "Task0", "{02EA681E-C7D8-13C7-8484-4AC65E1B71E8}"
EndProject
Project("{FAE04EC0-301F-11D3-BF4B-00C04F79EFBC}") = "Tyuiu.AtakishievRS.Sprint1.Task0.V26.Test", "Tyuiu.AtakishievRS.Sprint1.Task0.V26.Test\Tyuiu.AtakishievRS.Sprint1.Task0.V26.Test.csproj", "{5CA0A42D-E037-4DCA-A6C7-40BAC6E0642A}"
EndProject
Project("{FAE04EC0-301F-11D3-BF4B-00C04F79EFBC}") = "Tyuiu.AtakishievRS.Sprint1.Task0.V26", "Tyuiu.AtakishievRS.Sprint1.Task0.V26\Tyuiu.AtakishievRS.Sprint1.Task0.V26.csproj", "{4035F73C-2E0C-4E80-AAA3-7D7C018555C7}"
EndProject
Project("{FAE04EC0-301F-11D3-BF4B-00C04F79EFBC}") = "Tyuiu.AtakishievRS.Sprint1.Task0.V26.Lib", "Tyuiu.AtakishievRS.Sprint1.Task0.V26.Lib\Tyuiu.AtakishievRS.Sprint1.Task0.V26.Lib.csproj", "{ED79EE36-597D-4A7F-8562-EDE451FB6DA9}"
EndProject
Project("{2150E333-8FDC-42A3-9474-1A3956D46DE8}") = "Task1", "Task1", "{8CEC4587-E796-4AA4-B144-FBEAD8C2D79A}"
EndProject
Project("{FAE04EC0-301F-11D3-BF4B-00C04F79EFBC}") = "Tyuiu.AtakishievRS.Sprint1.Task1.V3", "Tyuiu.AtakishievRS.Sprint1.Task1.V3\Tyuiu.AtakishievRS.Sprint1.Task1.V3.csproj", "{260C459F-FC4B-4359-8F55-243544666A72}"
EndProject
Project("{FAE04EC0-301F-11D3-BF4B-00C04F79EFBC}") = "Tyuiu.AtakishievRS.Sprint1.Task1.V3.Lib", "Tyuiu.AtakishievRS.Sprint1.Task1.V3.Lib\Tyuiu.AtakishievRS.Sprint1.Task1.V3.Lib.csproj", "{711B0147-47FD-4193-9E84-0395FD765714}"
EndProject
Project("{FAE04EC0-301F-11D3-BF4B-00C04F79EFBC}") = "Tyuiu.AtakishievRS.Sprint1.Task1.V3.Test", "Tyuiu.AtakishievRS.Sprint1.Task1.V3.Test\Tyuiu.AtakishievRS.Sprint1.Task1.V3.Test.csproj", "{46AFDE50-08D9-4421-89BF-757D0E48567F}"
EndProject
Project("{2150E333-8FDC-42A3-9474-1A3956D46DE8}") = "Task2", "Task2", "{FFC2A5CE-32BC-42D9-8BEE-4FC4CA5B2306}"
EndProject
Project("{FAE04EC0-301F-11D3-BF4B-00C04F79EFBC}") = "Tyuiu.AtakishievRS.Sprint1.Task2.V9", "Tyuiu.AtakishievRS.Sprint1.Task2.V9\Tyuiu.AtakishievRS.Sprint1.Task2.V9.csproj", "{75A563AE-1C12-4343-A4A4-768D3BCCFD50}"
EndProject
Project("{FAE04EC0-301F-11D3-BF4B-00C04F79EFBC}") = "Tyuiu.AtakishievRS.Sprint1.Task2.V9.Test", "Tyuiu.AtakishievRS.Sprint1.Task2.V9.Test\Tyuiu.AtakishievRS.Sprint1.Task2.V9.Test.csproj", "{C6753ADB-0CC9-4501-9105-6BE43DCF3F40}"
EndProject
Project("{FAE04EC0-301F-11D3-BF4B-00C04F79EFBC}") = "Tyuiu.AtakishievRS.Sprint1.Task2.V9.Lib", "Tyuiu.AtakishievRS.Sprint1.Task2.V9.Lib\Tyuiu.AtakishievRS.Sprint1.Task2.V9.Lib.csproj", "{72632636-22D8-4860-8239-7DE31FB161B2}"
EndProject
Project("{2150E333-8FDC-42A3-9474-1A3956D46DE8}") = "Task3", "Task3", "{E8119557-2750-4E34-BCE7-F47F0AC18742}"
EndProject
Project("{FAE04EC0-301F-11D3-BF4B-00C04F79EFBC}") = "Tyuiu.AtakishievRS.Sprint1.Task3.V17", "Tyuiu.AtakishievRS.Sprint1.Task3.V17\Tyuiu.AtakishievRS.Sprint1.Task3.V17.csproj", "{43AD4978-1BFE-49CF-9DC6-63987DFF927A}"
EndProject
Project("{FAE04EC0-301F-11D3-BF4B-00C04F79EFBC}") = "Tyuiu.AtakishievRS.Sprint1.Task3.V17.Test", "Tyuiu.AtakishievRS.Sprint1.Task3.V17.Test\Tyuiu.AtakishievRS.Sprint1.Task3.V17.Test.csproj", "{DB493119-A782-4F75-A79B-C12065D91337}"
EndProject
Project("{FAE04EC0-301F-11D3-BF4B-00C04F79EFBC}") = "Tyuiu.AtakishievRS.Sprint1.Task3.V17.Lib", "Tyuiu.AtakishievRS.Sprint1.Task3.V17.Lib\Tyuiu.AtakishievRS.Sprint1.Task3.V17.Lib.csproj", "{5FF8A272-D97B-4F4E-A5D4-D03290DAC0BC}"
EndProject
Global
	GlobalSection(SolutionConfigurationPlatforms) = preSolution
		Debug|Any CPU = Debug|Any CPU
		Release|Any CPU = Release|Any CPU
	EndGlobalSection
	GlobalSection(ProjectConfigurationPlatforms) = postSolution
		{5CA0A42D-E037-4DCA-A6C7-40BAC6E0642A}.Debug|Any CPU.ActiveCfg = Debug|Any CPU
		{5CA0A42D-E037-4DCA-A6C7-40BAC6E0642A}.Debug|Any CPU.Build.0 = Debug|Any CPU
		{5CA0A42D-E037-4DCA-A6C7-40BAC6E0642A}.Release|Any CPU.ActiveCfg = Release|Any CPU
		{5CA0A42D-E037-4DCA-A6C7-40BAC6E0642A}.Release|Any CPU.Build.0 = Release|Any CPU
		{4035F73C-2E0C-4E80-AAA3-7D7C018555C7}.Debug|Any CPU.ActiveCfg = Debug|Any CPU
		{4035F73C-2E0C-4E80-AAA3-7D7C018555C7}.Debug|Any CPU.Build.0 = Debug|Any CPU
		{4035F73C-2E0C-4E80-AAA3-7D7C018555C7}.Release|Any CPU.ActiveCfg = Release|Any CPU
		{4035F73C-2E0C-4E80-AAA3-7D7C018555C7}.Release|Any CPU.Build.0 = Release|Any CPU
		{ED79EE36-597D-4A7F-8562-EDE451FB6DA9}.Debug|Any CPU.ActiveCfg = Debug|Any CPU
		{ED79EE36-597D-4A7F-8562-EDE451FB6DA9}.Debug|Any CPU.Build.0 = Debug|Any CPU
		{ED79EE36-597D-4A7F-8562-EDE451FB6DA9}.Release|Any CPU.ActiveCfg = Release|Any CPU
		{ED79EE36-597D-4A7F-8562-EDE451FB6DA9}.Release|Any CPU.Build.0 = Release|Any CPU
		{260C459F-FC4B-4359-8F55-243544666A72}.Debug|Any CPU.ActiveCfg = Debug|Any CPU
		{260C459F-FC4B-4359-8F55-243544666A72}.Debug|Any CPU.Build.0 = Debug|Any CPU
		{260C459F-FC4B-4359-8F55-243544666A72}.Release|Any CPU.ActiveCfg = Release|Any CPU
		{260C459F-FC4B-4359-8F55-243544666A72}.Release|Any CPU.Build.0 = Release|Any CPU
		{711B0147-47FD-4193-9E84-0395FD765714}.Debug|Any CPU.ActiveCfg = Debug|Any CPU
		{711B0147-47FD-4193-9E84-0395FD765714}.Debug|Any CPU.Build.0 = Debug|Any CPU
		{711B0147-47FD-4193-9E84-0395FD765714}.Release|Any CPU.ActiveCfg = Release|Any CPU
		{711B0147-47FD-4193-9E84-0395FD765714}.Release|Any CPU.Build.0 = Release|Any CPU
		{46AFDE50-08D9-4421-89BF-757D0E48567F}.Debug|Any CPU.ActiveCfg = Debug|Any CPU
		{46AFDE50-08D9-4421-89BF-757D0E48567F}.Debug|Any CPU.Build.0 = Debug|Any CPU
		{46AFDE50-08D9-4421-89BF-757D0E48567F}.Release|Any CPU.ActiveCfg = Release|Any CPU
		{46AFDE50-08D9-4421-89BF-757D0E48567F}.Release|Any CPU.Build.0 = Release|Any CPU
		{75A563AE-1C12-4343-A4A4-768D3BCCFD50}.Debug|Any CPU.ActiveCfg = Debug|Any CPU
		{75A563AE-1C12-4343-A4A4-768D3BCCFD50}.Debug|Any CPU.Build.0 = Debug|Any CPU
		{75A563AE-1C12-4343-A4A4-768D3BCCFD50}.Release|Any CPU.ActiveCfg = Release|Any CPU
		{75A563AE-1C12-4343-A4A4-768D3BCCFD50}.Release|Any CPU.Build.0 = Release|Any CPU
		{C6753ADB-0CC9-4501-9105-6BE43DCF3F40}.Debug|Any CPU.ActiveCfg = Debug|Any CPU
		{C6753ADB-0CC9-4501-9105-6BE43DCF3F40}.Debug|Any CPU.Build.0 = Debug|Any CPU
		{C6753ADB-0CC9-4501-9105-6BE43DCF3F40}.Release|Any CPU.ActiveCfg = Release|Any CPU
		{C6753ADB-0CC9-4501-9105-6BE43DCF3F40}.Release|Any CPU.Build.0 = Release|Any CPU
		{72632636-22D8-4860-8239-7DE31FB161B2}.Debug|Any CPU.ActiveCfg = Debug|Any CPU
		{72632636-22D8-4860-8239-7DE31FB161B2}.Debug|Any CPU.Build.0 = Debug|Any CPU
		{72632636-22D8-4860-8239-7DE31FB161B2}.Release|Any CPU.ActiveCfg = Release|Any CPU
		{72632636-22D8-4860-8239-7DE31FB161B2}.Release|Any CPU.Build.0 = Release|Any CPU
		{43AD4978-1BFE-49CF-9DC6-63987DFF927A}.Debug|Any CPU.ActiveCfg = Debug|Any CPU
		{43AD4978-1BFE-49CF-9DC6-63987DFF927A}.Debug|Any CPU.Build.0 = Debug|Any CPU
		{43AD4978-1BFE-49CF-9DC6-63987DFF927A}.Release|Any CPU.ActiveCfg = Release|Any CPU
		{43AD4978-1BFE-49CF-9DC6-63987DFF927A}.Release|Any CPU.Build.0 = Release|Any CPU
		{DB493119-A782-4F75-A79B-C12065D91337}.Debug|Any CPU.ActiveCfg = Debug|Any CPU
		{DB493119-A782-4F75-A79B-C12065D91337}.Debug|Any CPU.Build.0 = Debug|Any CPU
		{DB493119-A782-4F75-A79B-C12065D91337}.Release|Any CPU.ActiveCfg = Release|Any CPU
		{DB493119-A782-4F75-A79B-C12065D91337}.Release|Any CPU.Build.0 = Release|Any CPU
		{5FF8A272-D97B-4F4E-A5D4-D03290DAC0BC}.Debug|Any CPU.ActiveCfg = Debug|Any CPU
		{5FF8A272-D97B-4F4E-A5D4-D03290DAC0BC}.Debug|Any CPU.Build.0 = Debug|Any CPU
		{5FF8A272-D97B-4F4E-A5D4-D03290DAC0BC}.Release|Any CPU.ActiveCfg = Release|Any CPU
		{5FF8A272-D97B-4F4E-A5D4-D03290DAC0BC}.Release|Any CPU.Build.0 = Release|Any CPU
	EndGlobalSection
	GlobalSection(SolutionProperties) = preSolution
		HideSolutionNode = FALSE
	EndGlobalSection
	GlobalSection(NestedProjects) = preSolution
		{5CA0A42D-E037-4DCA-A6C7-40BAC6E0642A} = {02EA681E-C7D8-13C7-8484-4AC65E1B71E8}
		{4035F73C-2E0C-4E80-AAA3-7D7C018555C7} = {02EA681E-C7D8-13C7-8484-4AC65E1B71E8}
		{ED79EE36-597D-4A7F-8562-EDE451FB6DA9} = {02EA681E-C7D8-13C7-8484-4AC65E1B71E8}
		{260C459F-FC4B-4359-8F55-243544666A72} = {8CEC4587-E796-4AA4-B144-FBEAD8C2D79A}
		{711B0147-47FD-4193-9E84-0395FD765714} = {8CEC4587-E796-4AA4-B144-FBEAD8C2D79A}
		{46AFDE50-08D9-4421-89BF-757D0E48567F} = {8CEC4587-E796-4AA4-B144-FBEAD8C2D79A}
		{75A563AE-1C12-4343-A4A4-768D3BCCFD50} = {FFC2A5CE-32BC-42D9-8BEE-4FC4CA5B2306}
		{C6753ADB-0CC9-4501-9105-6BE43DCF3F40} = {FFC2A5CE-32BC-42D9-8BEE-4FC4CA5B2306}
		{72632636-22D8-4860-8239-7DE31FB161B2} = {FFC2A5CE-32BC-42D9-8BEE-4FC4CA5B2306}
		{43AD4978-1BFE-49CF-9DC6-63987DFF927A} = {E8119557-2750-4E34-BCE7-F47F0AC18742}
		{DB493119-A782-4F75-A79B-C12065D91337} = {E8119557-2750-4E34-BCE7-F47F0AC18742}
		{5FF8A272-D97B-4F4E-A5D4-D03290DAC0BC} = {E8119557-2750-4E34-BCE7-F47F0AC18742}
	EndGlobalSection
	GlobalSection(ExtensibilityGlobals) = postSolution
		SolutionGuid = {38B8A29C-2B49-4E93-93D4-EBF945588AA4}
	EndGlobalSection
EndGlobal
